
Microsoft Visual Studio Solution File, Format Version 12.00
Project("{2150E333-8FDC-42A3-9474-1A3956D46DE8}") = "Relationships", "Relationships", "{4A835943-9E87-40E1-8DF8-03F294E30396}"
EndProject
Project("{2150E333-8FDC-42A3-9474-1A3956D46DE8}") = "Patterns", "Patterns", "{42576E0B-B9AF-44F2-AC20-1855ED57DE62}"
EndProject
Project("{2150E333-8FDC-42A3-9474-1A3956D46DE8}") = "Structural", "Structural", "{B94F70D4-D9D2-4D4C-B2C0-6CD139903D2C}"
EndProject
Project("{2150E333-8FDC-42A3-9474-1A3956D46DE8}") = "Behavioral", "Behavioral", "{C72A0EA2-F849-42ED-B52E-C55209DA0AD6}"
EndProject
Project("{2150E333-8FDC-42A3-9474-1A3956D46DE8}") = "Generative", "Generative", "{E2009DFB-0FCA-4186-8CA2-0151FD0FFE77}"
EndProject
Project("{FAE04EC0-301F-11D3-BF4B-00C04F79EFBC}") = "AbstractFactory", "AbstractFactory\AbstractFactory.csproj", "{BC874013-A3AA-4992-890C-4BB630A06D80}"
EndProject
Project("{FAE04EC0-301F-11D3-BF4B-00C04F79EFBC}") = "Builder", "Builder\Builder.csproj", "{B944B5F0-0ECF-4797-96A5-A8CFEF88B62D}"
EndProject
Project("{FAE04EC0-301F-11D3-BF4B-00C04F79EFBC}") = "FactoryMethod", "FactoryMethod\FactoryMethod.csproj", "{C26E7083-9165-4270-B0BF-88C8FAB27141}"
EndProject
Project("{FAE04EC0-301F-11D3-BF4B-00C04F79EFBC}") = "Prototype", "Prototype\Prototype.csproj", "{B5546957-9800-4BFF-B445-9F8076353ACB}"
EndProject
Project("{FAE04EC0-301F-11D3-BF4B-00C04F79EFBC}") = "Singleton", "Singleton\Singleton.csproj", "{3C37D036-F392-4BE1-B20F-45B9CC41654C}"
EndProject
Project("{FAE04EC0-301F-11D3-BF4B-00C04F79EFBC}") = "Adapter", "Adapter\Adapter.csproj", "{B6446AEC-EA6D-429B-BCB6-20307F1E455D}"
EndProject
Project("{FAE04EC0-301F-11D3-BF4B-00C04F79EFBC}") = "Bridge", "Bridge\Bridge.csproj", "{AAF9371B-123F-4CFB-8A85-C01180DAB9B4}"
EndProject
Project("{FAE04EC0-301F-11D3-BF4B-00C04F79EFBC}") = "Composite", "Composite\Composite.csproj", "{5E5C9B07-7178-4430-BAE2-4B83B9A71A6B}"
EndProject
Project("{FAE04EC0-301F-11D3-BF4B-00C04F79EFBC}") = "Decorator", "Decorator\Decorator.csproj", "{FEB755B4-B90B-4DD1-8628-EC19481B9042}"
EndProject
Project("{FAE04EC0-301F-11D3-BF4B-00C04F79EFBC}") = "Facade", "Facade\Facade.csproj", "{A1FFF330-1618-4461-9FB7-B1ED2232B3BA}"
EndProject
Project("{FAE04EC0-301F-11D3-BF4B-00C04F79EFBC}") = "Flyweight", "Flyweight\Flyweight.csproj", "{FC048476-5123-4FBD-89C6-B3759743F3FC}"
EndProject
Project("{FAE04EC0-301F-11D3-BF4B-00C04F79EFBC}") = "Proxy", "Proxy\Proxy.csproj", "{A31BA9DA-5AF3-4518-8138-84F193F4BE75}"
EndProject
Project("{FAE04EC0-301F-11D3-BF4B-00C04F79EFBC}") = "ChainOfResponsibility", "ChainOfResponsibility\ChainOfResponsibility.csproj", "{9644BF4E-37A7-445B-A9D5-2C1B8BF6144B}"
EndProject
Project("{FAE04EC0-301F-11D3-BF4B-00C04F79EFBC}") = "Command", "Command\Command.csproj", "{27447CA2-8F17-4831-8900-E9064C08E265}"
EndProject
Project("{FAE04EC0-301F-11D3-BF4B-00C04F79EFBC}") = "Interpreter", "Interpreter\Interpreter.csproj", "{8AC06D92-C149-4823-B638-900C2FD73E1F}"
EndProject
Project("{FAE04EC0-301F-11D3-BF4B-00C04F79EFBC}") = "Iterator", "Iterator\Iterator.csproj", "{36D9FAD0-A657-4ECA-85E4-A380B8F369FA}"
EndProject
Project("{FAE04EC0-301F-11D3-BF4B-00C04F79EFBC}") = "Mediator", "Mediator\Mediator.csproj", "{2459A63C-102D-4C19-8B74-4E2CB25C2EAA}"
EndProject
Project("{FAE04EC0-301F-11D3-BF4B-00C04F79EFBC}") = "Memento", "Memento\Memento.csproj", "{BA636C35-7D32-43C9-8501-7D44581D8FF1}"
EndProject
Project("{FAE04EC0-301F-11D3-BF4B-00C04F79EFBC}") = "Observer", "Observer\Observer.csproj", "{84357988-5F7F-4F8C-9738-2DF59836A55F}"
EndProject
Project("{FAE04EC0-301F-11D3-BF4B-00C04F79EFBC}") = "State", "State\State.csproj", "{9D76828D-7483-4B1E-B83A-86778B07E4BC}"
EndProject
Project("{FAE04EC0-301F-11D3-BF4B-00C04F79EFBC}") = "Strategy", "Strategy\Strategy.csproj", "{F959172A-95AF-46FF-A9C7-A11432A172B1}"
EndProject
Project("{FAE04EC0-301F-11D3-BF4B-00C04F79EFBC}") = "TemplateMethod", "TemplateMethod\TemplateMethod.csproj", "{C8FB5D8D-4B85-4DE1-830F-FC48DCD3ADFC}"
EndProject
Project("{FAE04EC0-301F-11D3-BF4B-00C04F79EFBC}") = "Visitor", "Visitor\Visitor.csproj", "{3D3D26B6-EF6C-4E2B-A277-854CF610C2DA}"
EndProject
Project("{FAE04EC0-301F-11D3-BF4B-00C04F79EFBC}") = "Inheritance", "Inheritance\Inheritance.csproj", "{2EC842A9-166C-4013-8A4B-D32B7818BB86}"
EndProject
Project("{FAE04EC0-301F-11D3-BF4B-00C04F79EFBC}") = "Implementation", "Implementation\Implementation.csproj", "{9A927BDB-BB70-4425-A656-4A05264726CB}"
EndProject
Project("{FAE04EC0-301F-11D3-BF4B-00C04F79EFBC}") = "Association", "Association\Association.csproj", "{EEFFD255-817D-4133-AED1-8BCA40BE7C58}"
EndProject
Project("{FAE04EC0-301F-11D3-BF4B-00C04F79EFBC}") = "Composition", "Composition\Composition.csproj", "{44D4CC9B-3D26-4BDD-9229-8E85349F13F6}"
EndProject
Project("{FAE04EC0-301F-11D3-BF4B-00C04F79EFBC}") = "Aggregation", "Aggregation\Aggregation.csproj", "{F1497D2D-E6E1-4AA3-B885-AD682F13C646}"
EndProject
Global
	GlobalSection(SolutionConfigurationPlatforms) = preSolution
		Debug|Any CPU = Debug|Any CPU
		Release|Any CPU = Release|Any CPU
	EndGlobalSection
	GlobalSection(ProjectConfigurationPlatforms) = postSolution
		{BC874013-A3AA-4992-890C-4BB630A06D80}.Debug|Any CPU.ActiveCfg = Debug|Any CPU
		{BC874013-A3AA-4992-890C-4BB630A06D80}.Debug|Any CPU.Build.0 = Debug|Any CPU
		{BC874013-A3AA-4992-890C-4BB630A06D80}.Release|Any CPU.ActiveCfg = Release|Any CPU
		{BC874013-A3AA-4992-890C-4BB630A06D80}.Release|Any CPU.Build.0 = Release|Any CPU
		{B944B5F0-0ECF-4797-96A5-A8CFEF88B62D}.Debug|Any CPU.ActiveCfg = Debug|Any CPU
		{B944B5F0-0ECF-4797-96A5-A8CFEF88B62D}.Debug|Any CPU.Build.0 = Debug|Any CPU
		{B944B5F0-0ECF-4797-96A5-A8CFEF88B62D}.Release|Any CPU.ActiveCfg = Release|Any CPU
		{B944B5F0-0ECF-4797-96A5-A8CFEF88B62D}.Release|Any CPU.Build.0 = Release|Any CPU
		{C26E7083-9165-4270-B0BF-88C8FAB27141}.Debug|Any CPU.ActiveCfg = Debug|Any CPU
		{C26E7083-9165-4270-B0BF-88C8FAB27141}.Debug|Any CPU.Build.0 = Debug|Any CPU
		{C26E7083-9165-4270-B0BF-88C8FAB27141}.Release|Any CPU.ActiveCfg = Release|Any CPU
		{C26E7083-9165-4270-B0BF-88C8FAB27141}.Release|Any CPU.Build.0 = Release|Any CPU
		{B5546957-9800-4BFF-B445-9F8076353ACB}.Debug|Any CPU.ActiveCfg = Debug|Any CPU
		{B5546957-9800-4BFF-B445-9F8076353ACB}.Debug|Any CPU.Build.0 = Debug|Any CPU
		{B5546957-9800-4BFF-B445-9F8076353ACB}.Release|Any CPU.ActiveCfg = Release|Any CPU
		{B5546957-9800-4BFF-B445-9F8076353ACB}.Release|Any CPU.Build.0 = Release|Any CPU
		{3C37D036-F392-4BE1-B20F-45B9CC41654C}.Debug|Any CPU.ActiveCfg = Debug|Any CPU
		{3C37D036-F392-4BE1-B20F-45B9CC41654C}.Debug|Any CPU.Build.0 = Debug|Any CPU
		{3C37D036-F392-4BE1-B20F-45B9CC41654C}.Release|Any CPU.ActiveCfg = Release|Any CPU
		{3C37D036-F392-4BE1-B20F-45B9CC41654C}.Release|Any CPU.Build.0 = Release|Any CPU
		{B6446AEC-EA6D-429B-BCB6-20307F1E455D}.Debug|Any CPU.ActiveCfg = Debug|Any CPU
		{B6446AEC-EA6D-429B-BCB6-20307F1E455D}.Debug|Any CPU.Build.0 = Debug|Any CPU
		{B6446AEC-EA6D-429B-BCB6-20307F1E455D}.Release|Any CPU.ActiveCfg = Release|Any CPU
		{B6446AEC-EA6D-429B-BCB6-20307F1E455D}.Release|Any CPU.Build.0 = Release|Any CPU
		{AAF9371B-123F-4CFB-8A85-C01180DAB9B4}.Debug|Any CPU.ActiveCfg = Debug|Any CPU
		{AAF9371B-123F-4CFB-8A85-C01180DAB9B4}.Debug|Any CPU.Build.0 = Debug|Any CPU
		{AAF9371B-123F-4CFB-8A85-C01180DAB9B4}.Release|Any CPU.ActiveCfg = Release|Any CPU
		{AAF9371B-123F-4CFB-8A85-C01180DAB9B4}.Release|Any CPU.Build.0 = Release|Any CPU
		{5E5C9B07-7178-4430-BAE2-4B83B9A71A6B}.Debug|Any CPU.ActiveCfg = Debug|Any CPU
		{5E5C9B07-7178-4430-BAE2-4B83B9A71A6B}.Debug|Any CPU.Build.0 = Debug|Any CPU
		{5E5C9B07-7178-4430-BAE2-4B83B9A71A6B}.Release|Any CPU.ActiveCfg = Release|Any CPU
		{5E5C9B07-7178-4430-BAE2-4B83B9A71A6B}.Release|Any CPU.Build.0 = Release|Any CPU
		{FEB755B4-B90B-4DD1-8628-EC19481B9042}.Debug|Any CPU.ActiveCfg = Debug|Any CPU
		{FEB755B4-B90B-4DD1-8628-EC19481B9042}.Debug|Any CPU.Build.0 = Debug|Any CPU
		{FEB755B4-B90B-4DD1-8628-EC19481B9042}.Release|Any CPU.ActiveCfg = Release|Any CPU
		{FEB755B4-B90B-4DD1-8628-EC19481B9042}.Release|Any CPU.Build.0 = Release|Any CPU
		{A1FFF330-1618-4461-9FB7-B1ED2232B3BA}.Debug|Any CPU.ActiveCfg = Debug|Any CPU
		{A1FFF330-1618-4461-9FB7-B1ED2232B3BA}.Debug|Any CPU.Build.0 = Debug|Any CPU
		{A1FFF330-1618-4461-9FB7-B1ED2232B3BA}.Release|Any CPU.ActiveCfg = Release|Any CPU
		{A1FFF330-1618-4461-9FB7-B1ED2232B3BA}.Release|Any CPU.Build.0 = Release|Any CPU
		{FC048476-5123-4FBD-89C6-B3759743F3FC}.Debug|Any CPU.ActiveCfg = Debug|Any CPU
		{FC048476-5123-4FBD-89C6-B3759743F3FC}.Debug|Any CPU.Build.0 = Debug|Any CPU
		{FC048476-5123-4FBD-89C6-B3759743F3FC}.Release|Any CPU.ActiveCfg = Release|Any CPU
		{FC048476-5123-4FBD-89C6-B3759743F3FC}.Release|Any CPU.Build.0 = Release|Any CPU
		{A31BA9DA-5AF3-4518-8138-84F193F4BE75}.Debug|Any CPU.ActiveCfg = Debug|Any CPU
		{A31BA9DA-5AF3-4518-8138-84F193F4BE75}.Debug|Any CPU.Build.0 = Debug|Any CPU
		{A31BA9DA-5AF3-4518-8138-84F193F4BE75}.Release|Any CPU.ActiveCfg = Release|Any CPU
		{A31BA9DA-5AF3-4518-8138-84F193F4BE75}.Release|Any CPU.Build.0 = Release|Any CPU
		{9644BF4E-37A7-445B-A9D5-2C1B8BF6144B}.Debug|Any CPU.ActiveCfg = Debug|Any CPU
		{9644BF4E-37A7-445B-A9D5-2C1B8BF6144B}.Debug|Any CPU.Build.0 = Debug|Any CPU
		{9644BF4E-37A7-445B-A9D5-2C1B8BF6144B}.Release|Any CPU.ActiveCfg = Release|Any CPU
		{9644BF4E-37A7-445B-A9D5-2C1B8BF6144B}.Release|Any CPU.Build.0 = Release|Any CPU
		{27447CA2-8F17-4831-8900-E9064C08E265}.Debug|Any CPU.ActiveCfg = Debug|Any CPU
		{27447CA2-8F17-4831-8900-E9064C08E265}.Debug|Any CPU.Build.0 = Debug|Any CPU
		{27447CA2-8F17-4831-8900-E9064C08E265}.Release|Any CPU.ActiveCfg = Release|Any CPU
		{27447CA2-8F17-4831-8900-E9064C08E265}.Release|Any CPU.Build.0 = Release|Any CPU
		{8AC06D92-C149-4823-B638-900C2FD73E1F}.Debug|Any CPU.ActiveCfg = Debug|Any CPU
		{8AC06D92-C149-4823-B638-900C2FD73E1F}.Debug|Any CPU.Build.0 = Debug|Any CPU
		{8AC06D92-C149-4823-B638-900C2FD73E1F}.Release|Any CPU.ActiveCfg = Release|Any CPU
		{8AC06D92-C149-4823-B638-900C2FD73E1F}.Release|Any CPU.Build.0 = Release|Any CPU
		{36D9FAD0-A657-4ECA-85E4-A380B8F369FA}.Debug|Any CPU.ActiveCfg = Debug|Any CPU
		{36D9FAD0-A657-4ECA-85E4-A380B8F369FA}.Debug|Any CPU.Build.0 = Debug|Any CPU
		{36D9FAD0-A657-4ECA-85E4-A380B8F369FA}.Release|Any CPU.ActiveCfg = Release|Any CPU
		{36D9FAD0-A657-4ECA-85E4-A380B8F369FA}.Release|Any CPU.Build.0 = Release|Any CPU
		{2459A63C-102D-4C19-8B74-4E2CB25C2EAA}.Debug|Any CPU.ActiveCfg = Debug|Any CPU
		{2459A63C-102D-4C19-8B74-4E2CB25C2EAA}.Debug|Any CPU.Build.0 = Debug|Any CPU
		{2459A63C-102D-4C19-8B74-4E2CB25C2EAA}.Release|Any CPU.ActiveCfg = Release|Any CPU
		{2459A63C-102D-4C19-8B74-4E2CB25C2EAA}.Release|Any CPU.Build.0 = Release|Any CPU
		{BA636C35-7D32-43C9-8501-7D44581D8FF1}.Debug|Any CPU.ActiveCfg = Debug|Any CPU
		{BA636C35-7D32-43C9-8501-7D44581D8FF1}.Debug|Any CPU.Build.0 = Debug|Any CPU
		{BA636C35-7D32-43C9-8501-7D44581D8FF1}.Release|Any CPU.ActiveCfg = Release|Any CPU
		{BA636C35-7D32-43C9-8501-7D44581D8FF1}.Release|Any CPU.Build.0 = Release|Any CPU
		{84357988-5F7F-4F8C-9738-2DF59836A55F}.Debug|Any CPU.ActiveCfg = Debug|Any CPU
		{84357988-5F7F-4F8C-9738-2DF59836A55F}.Debug|Any CPU.Build.0 = Debug|Any CPU
		{84357988-5F7F-4F8C-9738-2DF59836A55F}.Release|Any CPU.ActiveCfg = Release|Any CPU
		{84357988-5F7F-4F8C-9738-2DF59836A55F}.Release|Any CPU.Build.0 = Release|Any CPU
		{9D76828D-7483-4B1E-B83A-86778B07E4BC}.Debug|Any CPU.ActiveCfg = Debug|Any CPU
		{9D76828D-7483-4B1E-B83A-86778B07E4BC}.Debug|Any CPU.Build.0 = Debug|Any CPU
		{9D76828D-7483-4B1E-B83A-86778B07E4BC}.Release|Any CPU.ActiveCfg = Release|Any CPU
		{9D76828D-7483-4B1E-B83A-86778B07E4BC}.Release|Any CPU.Build.0 = Release|Any CPU
		{F959172A-95AF-46FF-A9C7-A11432A172B1}.Debug|Any CPU.ActiveCfg = Debug|Any CPU
		{F959172A-95AF-46FF-A9C7-A11432A172B1}.Debug|Any CPU.Build.0 = Debug|Any CPU
		{F959172A-95AF-46FF-A9C7-A11432A172B1}.Release|Any CPU.ActiveCfg = Release|Any CPU
		{F959172A-95AF-46FF-A9C7-A11432A172B1}.Release|Any CPU.Build.0 = Release|Any CPU
		{C8FB5D8D-4B85-4DE1-830F-FC48DCD3ADFC}.Debug|Any CPU.ActiveCfg = Debug|Any CPU
		{C8FB5D8D-4B85-4DE1-830F-FC48DCD3ADFC}.Debug|Any CPU.Build.0 = Debug|Any CPU
		{C8FB5D8D-4B85-4DE1-830F-FC48DCD3ADFC}.Release|Any CPU.ActiveCfg = Release|Any CPU
		{C8FB5D8D-4B85-4DE1-830F-FC48DCD3ADFC}.Release|Any CPU.Build.0 = Release|Any CPU
		{3D3D26B6-EF6C-4E2B-A277-854CF610C2DA}.Debug|Any CPU.ActiveCfg = Debug|Any CPU
		{3D3D26B6-EF6C-4E2B-A277-854CF610C2DA}.Debug|Any CPU.Build.0 = Debug|Any CPU
		{3D3D26B6-EF6C-4E2B-A277-854CF610C2DA}.Release|Any CPU.ActiveCfg = Release|Any CPU
		{3D3D26B6-EF6C-4E2B-A277-854CF610C2DA}.Release|Any CPU.Build.0 = Release|Any CPU
		{2EC842A9-166C-4013-8A4B-D32B7818BB86}.Debug|Any CPU.ActiveCfg = Debug|Any CPU
		{2EC842A9-166C-4013-8A4B-D32B7818BB86}.Debug|Any CPU.Build.0 = Debug|Any CPU
		{2EC842A9-166C-4013-8A4B-D32B7818BB86}.Release|Any CPU.ActiveCfg = Release|Any CPU
		{2EC842A9-166C-4013-8A4B-D32B7818BB86}.Release|Any CPU.Build.0 = Release|Any CPU
		{9A927BDB-BB70-4425-A656-4A05264726CB}.Debug|Any CPU.ActiveCfg = Debug|Any CPU
		{9A927BDB-BB70-4425-A656-4A05264726CB}.Debug|Any CPU.Build.0 = Debug|Any CPU
		{9A927BDB-BB70-4425-A656-4A05264726CB}.Release|Any CPU.ActiveCfg = Release|Any CPU
		{9A927BDB-BB70-4425-A656-4A05264726CB}.Release|Any CPU.Build.0 = Release|Any CPU
		{EEFFD255-817D-4133-AED1-8BCA40BE7C58}.Debug|Any CPU.ActiveCfg = Debug|Any CPU
		{EEFFD255-817D-4133-AED1-8BCA40BE7C58}.Debug|Any CPU.Build.0 = Debug|Any CPU
		{EEFFD255-817D-4133-AED1-8BCA40BE7C58}.Release|Any CPU.ActiveCfg = Release|Any CPU
		{EEFFD255-817D-4133-AED1-8BCA40BE7C58}.Release|Any CPU.Build.0 = Release|Any CPU
		{44D4CC9B-3D26-4BDD-9229-8E85349F13F6}.Debug|Any CPU.ActiveCfg = Debug|Any CPU
		{44D4CC9B-3D26-4BDD-9229-8E85349F13F6}.Debug|Any CPU.Build.0 = Debug|Any CPU
		{44D4CC9B-3D26-4BDD-9229-8E85349F13F6}.Release|Any CPU.ActiveCfg = Release|Any CPU
		{44D4CC9B-3D26-4BDD-9229-8E85349F13F6}.Release|Any CPU.Build.0 = Release|Any CPU
		{F1497D2D-E6E1-4AA3-B885-AD682F13C646}.Debug|Any CPU.ActiveCfg = Debug|Any CPU
		{F1497D2D-E6E1-4AA3-B885-AD682F13C646}.Debug|Any CPU.Build.0 = Debug|Any CPU
		{F1497D2D-E6E1-4AA3-B885-AD682F13C646}.Release|Any CPU.ActiveCfg = Release|Any CPU
		{F1497D2D-E6E1-4AA3-B885-AD682F13C646}.Release|Any CPU.Build.0 = Release|Any CPU
	EndGlobalSection
	GlobalSection(NestedProjects) = preSolution
		{B94F70D4-D9D2-4D4C-B2C0-6CD139903D2C} = {42576E0B-B9AF-44F2-AC20-1855ED57DE62}
		{C72A0EA2-F849-42ED-B52E-C55209DA0AD6} = {42576E0B-B9AF-44F2-AC20-1855ED57DE62}
		{E2009DFB-0FCA-4186-8CA2-0151FD0FFE77} = {42576E0B-B9AF-44F2-AC20-1855ED57DE62}
		{BC874013-A3AA-4992-890C-4BB630A06D80} = {E2009DFB-0FCA-4186-8CA2-0151FD0FFE77}
		{B944B5F0-0ECF-4797-96A5-A8CFEF88B62D} = {E2009DFB-0FCA-4186-8CA2-0151FD0FFE77}
		{C26E7083-9165-4270-B0BF-88C8FAB27141} = {E2009DFB-0FCA-4186-8CA2-0151FD0FFE77}
		{B5546957-9800-4BFF-B445-9F8076353ACB} = {E2009DFB-0FCA-4186-8CA2-0151FD0FFE77}
		{3C37D036-F392-4BE1-B20F-45B9CC41654C} = {E2009DFB-0FCA-4186-8CA2-0151FD0FFE77}
		{B6446AEC-EA6D-429B-BCB6-20307F1E455D} = {B94F70D4-D9D2-4D4C-B2C0-6CD139903D2C}
		{AAF9371B-123F-4CFB-8A85-C01180DAB9B4} = {B94F70D4-D9D2-4D4C-B2C0-6CD139903D2C}
		{5E5C9B07-7178-4430-BAE2-4B83B9A71A6B} = {B94F70D4-D9D2-4D4C-B2C0-6CD139903D2C}
		{FEB755B4-B90B-4DD1-8628-EC19481B9042} = {B94F70D4-D9D2-4D4C-B2C0-6CD139903D2C}
		{A1FFF330-1618-4461-9FB7-B1ED2232B3BA} = {B94F70D4-D9D2-4D4C-B2C0-6CD139903D2C}
		{FC048476-5123-4FBD-89C6-B3759743F3FC} = {B94F70D4-D9D2-4D4C-B2C0-6CD139903D2C}
		{A31BA9DA-5AF3-4518-8138-84F193F4BE75} = {B94F70D4-D9D2-4D4C-B2C0-6CD139903D2C}
		{9644BF4E-37A7-445B-A9D5-2C1B8BF6144B} = {C72A0EA2-F849-42ED-B52E-C55209DA0AD6}
		{27447CA2-8F17-4831-8900-E9064C08E265} = {C72A0EA2-F849-42ED-B52E-C55209DA0AD6}
		{8AC06D92-C149-4823-B638-900C2FD73E1F} = {C72A0EA2-F849-42ED-B52E-C55209DA0AD6}
		{36D9FAD0-A657-4ECA-85E4-A380B8F369FA} = {C72A0EA2-F849-42ED-B52E-C55209DA0AD6}
		{2459A63C-102D-4C19-8B74-4E2CB25C2EAA} = {C72A0EA2-F849-42ED-B52E-C55209DA0AD6}
		{BA636C35-7D32-43C9-8501-7D44581D8FF1} = {C72A0EA2-F849-42ED-B52E-C55209DA0AD6}
		{84357988-5F7F-4F8C-9738-2DF59836A55F} = {C72A0EA2-F849-42ED-B52E-C55209DA0AD6}
		{9D76828D-7483-4B1E-B83A-86778B07E4BC} = {C72A0EA2-F849-42ED-B52E-C55209DA0AD6}
		{F959172A-95AF-46FF-A9C7-A11432A172B1} = {C72A0EA2-F849-42ED-B52E-C55209DA0AD6}
		{C8FB5D8D-4B85-4DE1-830F-FC48DCD3ADFC} = {C72A0EA2-F849-42ED-B52E-C55209DA0AD6}
		{3D3D26B6-EF6C-4E2B-A277-854CF610C2DA} = {C72A0EA2-F849-42ED-B52E-C55209DA0AD6}
		{2EC842A9-166C-4013-8A4B-D32B7818BB86} = {4A835943-9E87-40E1-8DF8-03F294E30396}
		{9A927BDB-BB70-4425-A656-4A05264726CB} = {4A835943-9E87-40E1-8DF8-03F294E30396}
		{EEFFD255-817D-4133-AED1-8BCA40BE7C58} = {4A835943-9E87-40E1-8DF8-03F294E30396}
		{44D4CC9B-3D26-4BDD-9229-8E85349F13F6} = {4A835943-9E87-40E1-8DF8-03F294E30396}
		{F1497D2D-E6E1-4AA3-B885-AD682F13C646} = {4A835943-9E87-40E1-8DF8-03F294E30396}
	EndGlobalSection
EndGlobal
